// !$*UTF8*$!
{
	archiveVersion = 1;
	classes = {
	};
	objectVersion = 50;
	objects = {

/* Begin PBXBuildFile section */
		635BFBC120B5EC4B00380268 /* AppDelegate.swift in Sources */ = {isa = PBXBuildFile; fileRef = 635BFBC020B5EC4B00380268 /* AppDelegate.swift */; };
		635BFBC320B5EC4B00380268 /* ViewController.swift in Sources */ = {isa = PBXBuildFile; fileRef = 635BFBC220B5EC4B00380268 /* ViewController.swift */; };
		635BFBC620B5EC4B00380268 /* Main.storyboard in Resources */ = {isa = PBXBuildFile; fileRef = 635BFBC420B5EC4B00380268 /* Main.storyboard */; };
		635BFBC920B5EC4B00380268 /* Sound_Collection.xcdatamodeld in Sources */ = {isa = PBXBuildFile; fileRef = 635BFBC720B5EC4B00380268 /* Sound_Collection.xcdatamodeld */; };
		635BFBCB20B5EC4D00380268 /* Assets.xcassets in Resources */ = {isa = PBXBuildFile; fileRef = 635BFBCA20B5EC4D00380268 /* Assets.xcassets */; };
		635BFBCE20B5EC4D00380268 /* LaunchScreen.storyboard in Resources */ = {isa = PBXBuildFile; fileRef = 635BFBCC20B5EC4D00380268 /* LaunchScreen.storyboard */; };
/* End PBXBuildFile section */

/* Begin PBXFileReference section */
		635BFBBD20B5EC4B00380268 /* Sound Collection.app */ = {isa = PBXFileReference; explicitFileType = wrapper.application; includeInIndex = 0; path = "Sound Collection.app"; sourceTree = BUILT_PRODUCTS_DIR; };
		635BFBC020B5EC4B00380268 /* AppDelegate.swift */ = {isa = PBXFileReference; lastKnownFileType = sourcecode.swift; path = AppDelegate.swift; sourceTree = "<group>"; };
		635BFBC220B5EC4B00380268 /* ViewController.swift */ = {isa = PBXFileReference; lastKnownFileType = sourcecode.swift; path = ViewController.swift; sourceTree = "<group>"; };
		635BFBC520B5EC4B00380268 /* Base */ = {isa = PBXFileReference; lastKnownFileType = file.storyboard; name = Base; path = Base.lproj/Main.storyboard; sourceTree = "<group>"; };
		635BFBC820B5EC4B00380268 /* Sound_Collection.xcdatamodel */ = {isa = PBXFileReference; lastKnownFileType = wrapper.xcdatamodel; path = Sound_Collection.xcdatamodel; sourceTree = "<group>"; };
		635BFBCA20B5EC4D00380268 /* Assets.xcassets */ = {isa = PBXFileReference; lastKnownFileType = folder.assetcatalog; path = Assets.xcassets; sourceTree = "<group>"; };
		635BFBCD20B5EC4D00380268 /* Base */ = {isa = PBXFileReference; lastKnownFileType = file.storyboard; name = Base; path = Base.lproj/LaunchScreen.storyboard; sourceTree = "<group>"; };
		635BFBCF20B5EC4D00380268 /* Info.plist */ = {isa = PBXFileReference; lastKnownFileType = text.plist.xml; path = Info.plist; sourceTree = "<group>"; };
/* End PBXFileReference section */

/* Begin PBXFrameworksBuildPhase section */
		635BFBBA20B5EC4B00380268 /* Frameworks */ = {
			isa = PBXFrameworksBuildPhase;
			buildActionMask = 2147483647;
			files = (
			);
			runOnlyForDeploymentPostprocessing = 0;
		};
/* End PBXFrameworksBuildPhase section */

/* Begin PBXGroup section */
		635BFBB420B5EC4B00380268 = {
			isa = PBXGroup;
			children = (
				635BFBBF20B5EC4B00380268 /* Sound Collection */,
				635BFBBE20B5EC4B00380268 /* Products */,
			);
			sourceTree = "<group>";
		};
		635BFBBE20B5EC4B00380268 /* Products */ = {
			isa = PBXGroup;
			children = (
				635BFBBD20B5EC4B00380268 /* Sound Collection.app */,
			);
			name = Products;
			sourceTree = "<group>";
		};
		635BFBBF20B5EC4B00380268 /* Sound Collection */ = {
			isa = PBXGroup;
			children = (
				635BFBC020B5EC4B00380268 /* AppDelegate.swift */,
				635BFBC220B5EC4B00380268 /* ViewController.swift */,
				635BFBC420B5EC4B00380268 /* Main.storyboard */,
				635BFBCA20B5EC4D00380268 /* Assets.xcassets */,
				635BFBCC20B5EC4D00380268 /* LaunchScreen.storyboard */,
				635BFBCF20B5EC4D00380268 /* Info.plist */,
				635BFBC720B5EC4B00380268 /* Sound_Collection.xcdatamodeld */,
			);
			path = "Sound Collection";
			sourceTree = "<group>";
		};
/* End PBXGroup section */

/* Begin PBXNativeTarget section */
		635BFBBC20B5EC4B00380268 /* Sound Collection */ = {
			isa = PBXNativeTarget;
			buildConfigurationList = 635BFBD220B5EC4D00380268 /* Build configuration list for PBXNativeTarget "Sound Collection" */;
			buildPhases = (
				635BFBB920B5EC4B00380268 /* Sources */,
				635BFBBA20B5EC4B00380268 /* Frameworks */,
				635BFBBB20B5EC4B00380268 /* Resources */,
			);
			buildRules = (
			);
			dependencies = (
			);
			name = "Sound Collection";
			productName = "Sound Collection";
			productReference = 635BFBBD20B5EC4B00380268 /* Sound Collection.app */;
			productType = "com.apple.product-type.application";
		};
/* End PBXNativeTarget section */

/* Begin PBXProject section */
		635BFBB520B5EC4B00380268 /* Project object */ = {
			isa = PBXProject;
			attributes = {
				LastSwiftUpdateCheck = 0930;
				LastUpgradeCheck = 0930;
				ORGANIZATIONNAME = "L&L";
				TargetAttributes = {
					635BFBBC20B5EC4B00380268 = {
						CreatedOnToolsVersion = 9.3;
					};
				};
			};
			buildConfigurationList = 635BFBB820B5EC4B00380268 /* Build configuration list for PBXProject "Sound Collection" */;
			compatibilityVersion = "Xcode 9.3";
			developmentRegion = en;
			hasScannedForEncodings = 0;
			knownRegions = (
				en,
				Base,
			);
			mainGroup = 635BFBB420B5EC4B00380268;
			productRefGroup = 635BFBBE20B5EC4B00380268 /* Products */;
			projectDirPath = "";
			projectRoot = "";
			targets = (
				635BFBBC20B5EC4B00380268 /* Sound Collection */,
			);
		};
/* End PBXProject section */

/* Begin PBXResourcesBuildPhase section */
		635BFBBB20B5EC4B00380268 /* Resources */ = {
			isa = PBXResourcesBuildPhase;
			buildActionMask = 2147483647;
			files = (
				635BFBCE20B5EC4D00380268 /* LaunchScreen.storyboard in Resources */,
				635BFBCB20B5EC4D00380268 /* Assets.xcassets in Resources */,
				635BFBC620B5EC4B00380268 /* Main.storyboard in Resources */,
			);
			runOnlyForDeploymentPostprocessing = 0;
		};
/* End PBXResourcesBuildPhase section */

/* Begin PBXSourcesBuildPhase section */
		635BFBB920B5EC4B00380268 /* Sources */ = {
			isa = PBXSourcesBuildPhase;
			buildActionMask = 2147483647;
			files = (
				635BFBC320B5EC4B00380268 /* ViewController.swift in Sources */,
				635BFBC920B5EC4B00380268 /* Sound_Collection.xcdatamodeld in Sources */,
				635BFBC120B5EC4B00380268 /* AppDelegate.swift in Sources */,
			);
			runOnlyForDeploymentPostprocessing = 0;
		};
/* End PBXSourcesBuildPhase section */

/* Begin PBXVariantGroup section */
		635BFBC420B5EC4B00380268 /* Main.storyboard */ = {
			isa = PBXVariantGroup;
			children = (
				635BFBC520B5EC4B00380268 /* Base */,
			);
			name = Main.storyboard;
			sourceTree = "<group>";
		};
		635BFBCC20B5EC4D00380268 /* LaunchScreen.storyboard */ = {
			isa = PBXVariantGroup;
			children = (
				635BFBCD20B5EC4D00380268 /* Base */,
			);
			name = LaunchScreen.storyboard;
			sourceTree = "<group>";
		};
/* End PBXVariantGroup section */

/* Begin XCBuildConfiguration section */
		635BFBD020B5EC4D00380268 /* Debug */ = {
			isa = XCBuildConfiguration;
			buildSettings = {
				ALWAYS_SEARCH_USER_PATHS = NO;
				CLANG_ANALYZER_NONNULL = YES;
				CLANG_ANALYZER_NUMBER_OBJECT_CONVERSION = YES_AGGRESSIVE;
				CLANG_CXX_LANGUAGE_STANDARD = "gnu++14";
				CLANG_CXX_LIBRARY = "libc++";
				CLANG_ENABLE_MODULES = YES;
				CLANG_ENABLE_OBJC_ARC = YES;
				CLANG_ENABLE_OBJC_WEAK = YES;
				CLANG_WARN_BLOCK_CAPTURE_AUTORELEASING = YES;
				CLANG_WARN_BOOL_CONVERSION = YES;
				CLANG_WARN_COMMA = YES;
				CLANG_WARN_CONSTANT_CONVERSION = YES;
				CLANG_WARN_DEPRECATED_OBJC_IMPLEMENTATIONS = YES;
				CLANG_WARN_DIRECT_OBJC_ISA_USAGE = YES_ERROR;
				CLANG_WARN_DOCUMENTATION_COMMENTS = YES;
				CLANG_WARN_EMPTY_BODY = YES;
				CLANG_WARN_ENUM_CONVERSION = YES;
				CLANG_WARN_INFINITE_RECURSION = YES;
				CLANG_WARN_INT_CONVERSION = YES;
				CLANG_WARN_NON_LITERAL_NULL_CONVERSION = YES;
				CLANG_WARN_OBJC_IMPLICIT_RETAIN_SELF = YES;
				CLANG_WARN_OBJC_LITERAL_CONVERSION = YES;
				CLANG_WARN_OBJC_ROOT_CLASS = YES_ERROR;
				CLANG_WARN_RANGE_LOOP_ANALYSIS = YES;
				CLANG_WARN_STRICT_PROTOTYPES = YES;
				CLANG_WARN_SUSPICIOUS_MOVE = YES;
				CLANG_WARN_UNGUARDED_AVAILABILITY = YES_AGGRESSIVE;
				CLANG_WARN_UNREACHABLE_CODE = YES;
				CLANG_WARN__DUPLICATE_METHOD_MATCH = YES;
				CODE_SIGN_IDENTITY = "iPhone Developer";
				COPY_PHASE_STRIP = NO;
				DEBUG_INFORMATION_FORMAT = dwarf;
				ENABLE_STRICT_OBJC_MSGSEND = YES;
				ENABLE_TESTABILITY = YES;
				GCC_C_LANGUAGE_STANDARD = gnu11;
				GCC_DYNAMIC_NO_PIC = NO;
				GCC_NO_COMMON_BLOCKS = YES;
				GCC_OPTIMIZATION_LEVEL = 0;
				GCC_PREPROCESSOR_DEFINITIONS = (
					"DEBUG=1",
					"$(inherited)",
				);
				GCC_WARN_64_TO_32_BIT_CONVERSION = YES;
				GCC_WARN_ABOUT_RETURN_TYPE = YES_ERROR;
				GCC_WARN_UNDECLARED_SELECTOR = YES;
				GCC_WARN_UNINITIALIZED_AUTOS = YES_AGGRESSIVE;
				GCC_WARN_UNUSED_FUNCTION = YES;
				GCC_WARN_UNUSED_VARIABLE = YES;
				IPHONEOS_DEPLOYMENT_TARGET = 11.3;
				MTL_ENABLE_DEBUG_INFO = YES;
				ONLY_ACTIVE_ARCH = YES;
				SDKROOT = iphoneos;
				SWIFT_ACTIVE_COMPILATION_CONDITIONS = DEBUG;
				SWIFT_OPTIMIZATION_LEVEL = "-Onone";
			};
			name = Debug;
		};
		635BFBD120B5EC4D00380268 /* Release */ = {
			isa = XCBuildConfiguration;
			buildSettings = {
				ALWAYS_SEARCH_USER_PATHS = NO;
				CLANG_ANALYZER_NONNULL = YES;
				CLANG_ANALYZER_NUMBER_OBJECT_CONVERSION = YES_AGGRESSIVE;
				CLANG_CXX_LANGUAGE_STANDARD = "gnu++14";
				CLANG_CXX_LIBRARY = "libc++";
				CLANG_ENABLE_MODULES = YES;
				CLANG_ENABLE_OBJC_ARC = YES;
				CLANG_ENABLE_OBJC_WEAK = YES;
				CLANG_WARN_BLOCK_CAPTURE_AUTORELEASING = YES;
				CLANG_WARN_BOOL_CONVERSION = YES;
				CLANG_WARN_COMMA = YES;
				CLANG_WARN_CONSTANT_CONVERSION = YES;
				CLANG_WARN_DEPRECATED_OBJC_IMPLEMENTATIONS = YES;
				CLANG_WARN_DIRECT_OBJC_ISA_USAGE = YES_ERROR;
				CLANG_WARN_DOCUMENTATION_COMMENTS = YES;
				CLANG_WARN_EMPTY_BODY = YES;
				CLANG_WARN_ENUM_CONVERSION = YES;
				CLANG_WARN_INFINITE_RECURSION = YES;
				CLANG_WARN_INT_CONVERSION = YES;
				CLANG_WARN_NON_LITERAL_NULL_CONVERSION = YES;
				CLANG_WARN_OBJC_IMPLICIT_RETAIN_SELF = YES;
				CLANG_WARN_OBJC_LITERAL_CONVERSION = YES;
				CLANG_WARN_OBJC_ROOT_CLASS = YES_ERROR;
				CLANG_WARN_RANGE_LOOP_ANALYSIS = YES;
				CLANG_WARN_STRICT_PROTOTYPES = YES;
				CLANG_WARN_SUSPICIOUS_MOVE = YES;
				CLANG_WARN_UNGUARDED_AVAILABILITY = YES_AGGRESSIVE;
				CLANG_WARN_UNREACHABLE_CODE = YES;
				CLANG_WARN__DUPLICATE_METHOD_MATCH = YES;
				CODE_SIGN_IDENTITY = "iPhone Developer";
				COPY_PHASE_STRIP = NO;
				DEBUG_INFORMATION_FORMAT = "dwarf-with-dsym";
				ENABLE_NS_ASSERTIONS = NO;
				ENABLE_STRICT_OBJC_MSGSEND = YES;
				GCC_C_LANGUAGE_STANDARD = gnu11;
				GCC_NO_COMMON_BLOCKS = YES;
				GCC_WARN_64_TO_32_BIT_CONVERSION = YES;
				GCC_WARN_ABOUT_RETURN_TYPE = YES_ERROR;
				GCC_WARN_UNDECLARED_SELECTOR = YES;
				GCC_WARN_UNINITIALIZED_AUTOS = YES_AGGRESSIVE;
				GCC_WARN_UNUSED_FUNCTION = YES;
				GCC_WARN_UNUSED_VARIABLE = YES;
				IPHONEOS_DEPLOYMENT_TARGET = 11.3;
				MTL_ENABLE_DEBUG_INFO = NO;
				SDKROOT = iphoneos;
				SWIFT_COMPILATION_MODE = wholemodule;
				SWIFT_OPTIMIZATION_LEVEL = "-O";
				VALIDATE_PRODUCT = YES;
			};
			name = Release;
		};
		635BFBD320B5EC4D00380268 /* Debug */ = {
			isa = XCBuildConfiguration;
			buildSettings = {
				ASSETCATALOG_COMPILER_APPICON_NAME = AppIcon;
				CODE_SIGN_STYLE = Automatic;
				DEVELOPMENT_TEAM = C5W3L52QYY;
				INFOPLIST_FILE = "Sound Collection/Info.plist";
				LD_RUNPATH_SEARCH_PATHS = (
					"$(inherited)",
					"@executable_path/Frameworks",
				);
				PRODUCT_BUNDLE_IDENTIFIER = "L-L.Sound-Collection";
				PRODUCT_NAME = "$(TARGET_NAME)";
				SWIFT_VERSION = 4.0;
				TARGETED_DEVICE_FAMILY = "1,2";
			};
			name = Debug;
		};
		635BFBD420B5EC4D00380268 /* Release */ = {
			isa = XCBuildConfiguration;
			buildSettings = {
				ASSETCATALOG_COMPILER_APPICON_NAME = AppIcon;
				CODE_SIGN_STYLE = Automatic;
				DEVELOPMENT_TEAM = C5W3L52QYY;
				INFOPLIST_FILE = "Sound Collection/Info.plist";
				LD_RUNPATH_SEARCH_PATHS = (
					"$(inherited)",
					"@executable_path/Frameworks",
				);
				PRODUCT_BUNDLE_IDENTIFIER = "L-L.Sound-Collection";
				PRODUCT_NAME = "$(TARGET_NAME)";
				SWIFT_VERSION = 4.0;
				TARGETED_DEVICE_FAMILY = "1,2";
			};
			name = Release;
		};
/* End XCBuildConfiguration section */

/* Begin XCConfigurationList section */
		635BFBB820B5EC4B00380268 /* Build configuration list for PBXProject "Sound Collection" */ = {
			isa = XCConfigurationList;
			buildConfigurations = (
				635BFBD020B5EC4D00380268 /* Debug */,
				635BFBD120B5EC4D00380268 /* Release */,
			);
			defaultConfigurationIsVisible = 0;
			defaultConfigurationName = Release;
		};
		635BFBD220B5EC4D00380268 /* Build configuration list for PBXNativeTarget "Sound Collection" */ = {
			isa = XCConfigurationList;
			buildConfigurations = (
				635BFBD320B5EC4D00380268 /* Debug */,
				635BFBD420B5EC4D00380268 /* Release */,
			);
			defaultConfigurationIsVisible = 0;
			defaultConfigurationName = Release;
		};
/* End XCConfigurationList section */

/* Begin XCVersionGroup section */
		635BFBC720B5EC4B00380268 /* Sound_Collection.xcdatamodeld */ = {
			isa = XCVersionGroup;
			children = (
				635BFBC820B5EC4B00380268 /* Sound_Collection.xcdatamodel */,
			);
			currentVersion = 635BFBC820B5EC4B00380268 /* Sound_Collection.xcdatamodel */;
			path = Sound_Collection.xcdatamodeld;
			sourceTree = "<group>";
			versionGroupType = wrapper.xcdatamodel;
		};
/* End XCVersionGroup section */
	};
	rootObject = 635BFBB520B5EC4B00380268 /* Project object */;
}
